{
  "name": "bs-async-monad",
  "version": "1.2.6",
  "lockfileVersion": 1,
  "requires": true,
  "dependencies": {
    "bs-platform": {
      "version": "4.0.17",
      "resolved": "https://registry.npmjs.org/bs-platform/-/bs-platform-4.0.17.tgz",
      "integrity": "sha512-ypn2VEAmuVgX+ezKF9HXXzZ9Fe47UMPyt0x9MBBAF/C0Fus9wEIOdRD0gB4p3J9uLabB/MRWWuw7ORnP8w086g==",
      "dev": true
    }
  }
}
